PODS:
  - AudioKit (4.7.2):
    - AudioKit/Core (= 4.7.2)
    - AudioKit/UI (= 4.7.2)
  - AudioKit/Core (4.7.2)
  - AudioKit/UI (4.7.2):
    - AudioKit/Core

DEPENDENCIES:
  - AudioKit (~> 4.7.2)

SPEC REPOS:
  https://github.com/cocoapods/specs.git:
    - AudioKit

SPEC CHECKSUMS:
  AudioKit: ee4ab79e2fffe42e52b8fd8d214eaaea968c368e

PODFILE CHECKSUM: 8456de46c370eb6256f18f7415208ccf7b108291

COCOAPODS: 1.6.2
