// !$*UTF8*$!
{
	archiveVersion = 1;
	classes = {
	};
	objectVersion = 46;
	objects = {

/* Begin PBXBuildFile section */
		3E5105931C310A4100CEC622 /* AppDelegate.swift in Sources */ = {isa = PBXBuildFile; fileRef = 3E5105921C310A4100CEC622 /* AppDelegate.swift */; };
		3E5105951C310A4100CEC622 /* ViewController.swift in Sources */ = {isa = PBXBuildFile; fileRef = 3E5105941C310A4100CEC622 /* ViewController.swift */; };
		3E5105981C310A4100CEC622 /* Main.storyboard in Resources */ = {isa = PBXBuildFile; fileRef = 3E5105961C310A4100CEC622 /* Main.storyboard */; };
		3E51059A1C310A4100CEC622 /* Assets.xcassets in Resources */ = {isa = PBXBuildFile; fileRef = 3E5105991C310A4100CEC622 /* Assets.xcassets */; };
		3E51059D1C310A4100CEC622 /* LaunchScreen.storyboard in Resources */ = {isa = PBXBuildFile; fileRef = 3E51059B1C310A4100CEC622 /* LaunchScreen.storyboard */; };
		3E5105B61C310BFC00CEC622 /* Particles.metal in Sources */ = {isa = PBXBuildFile; fileRef = 3E5105B51C310BFC00CEC622 /* Particles.metal */; };
		3E5105B81C310C4200CEC622 /* ParticleLab.swift in Sources */ = {isa = PBXBuildFile; fileRef = 3E5105B71C310C4200CEC622 /* ParticleLab.swift */; };
		C4D88CFA1C6AD6C9005BB6CE /* Loop.swift in Sources */ = {isa = PBXBuildFile; fileRef = C4D88CF91C6AD6C9005BB6CE /* Loop.swift */; };
		EB01F7C340708FC1F948615C /* Pods_Particles.framework in Frameworks */ = {isa = PBXBuildFile; fileRef = 0FB844010A0240A1787102AB /* Pods_Particles.framework */; };
/* End PBXBuildFile section */

/* Begin PBXCopyFilesBuildPhase section */
		EA127F3A1C4200E000289567 /* Embed Frameworks */ = {
			isa = PBXCopyFilesBuildPhase;
			buildActionMask = 2147483647;
			dstPath = "";
			dstSubfolderSpec = 10;
			files = (
			);
			name = "Embed Frameworks";
			runOnlyForDeploymentPostprocessing = 0;
		};
/* End PBXCopyFilesBuildPhase section */

/* Begin PBXFileReference section */
		0FB844010A0240A1787102AB /* Pods_Particles.framework */ = {isa = PBXFileReference; explicitFileType = wrapper.framework; includeInIndex = 0; path = Pods_Particles.framework; sourceTree = BUILT_PRODUCTS_DIR; };
		1BB3FFE065A7B4BEAADFEBAB /* Pods-Particles.release.xcconfig */ = {isa = PBXFileReference; includeInIndex = 1; lastKnownFileType = text.xcconfig; name = "Pods-Particles.release.xcconfig"; path = "Pods/Target Support Files/Pods-Particles/Pods-Particles.release.xcconfig"; sourceTree = "<group>"; };
		3E51058F1C310A4100CEC622 /* Particles.app */ = {isa = PBXFileReference; explicitFileType = wrapper.application; includeInIndex = 0; path = Particles.app; sourceTree = BUILT_PRODUCTS_DIR; };
		3E5105921C310A4100CEC622 /* AppDelegate.swift */ = {isa = PBXFileReference; lastKnownFileType = sourcecode.swift; path = AppDelegate.swift; sourceTree = "<group>"; };
		3E5105941C310A4100CEC622 /* ViewController.swift */ = {isa = PBXFileReference; lastKnownFileType = sourcecode.swift; path = ViewController.swift; sourceTree = "<group>"; };
		3E5105971C310A4100CEC622 /* Base */ = {isa = PBXFileReference; lastKnownFileType = file.storyboard; name = Base; path = Base.lproj/Main.storyboard; sourceTree = "<group>"; };
		3E5105991C310A4100CEC622 /* Assets.xcassets */ = {isa = PBXFileReference; lastKnownFileType = folder.assetcatalog; path = Assets.xcassets; sourceTree = "<group>"; };
		3E51059C1C310A4100CEC622 /* Base */ = {isa = PBXFileReference; lastKnownFileType = file.storyboard; name = Base; path = Base.lproj/LaunchScreen.storyboard; sourceTree = "<group>"; };
		3E51059E1C310A4100CEC622 /* Info.plist */ = {isa = PBXFileReference; lastKnownFileType = text.plist.xml; path = Info.plist; sourceTree = "<group>"; };
		3E5105B51C310BFC00CEC622 /* Particles.metal */ = {isa = PBXFileReference; fileEncoding = 4; lastKnownFileType = sourcecode.metal; name = Particles.metal; path = particleLab/Particles.metal; sourceTree = "<group>"; };
		3E5105B71C310C4200CEC622 /* ParticleLab.swift */ = {isa = PBXFileReference; fileEncoding = 4; lastKnownFileType = sourcecode.swift; name = ParticleLab.swift; path = particleLab/ParticleLab.swift; sourceTree = "<group>"; };
		C4D88CF91C6AD6C9005BB6CE /* Loop.swift */ = {isa = PBXFileReference; fileEncoding = 4; lastKnownFileType = sourcecode.swift; path = Loop.swift; sourceTree = "<group>"; };
		EF829C0E631E7C2906DD36D2 /* Pods-Particles.debug.xcconfig */ = {isa = PBXFileReference; includeInIndex = 1; lastKnownFileType = text.xcconfig; name = "Pods-Particles.debug.xcconfig"; path = "Pods/Target Support Files/Pods-Particles/Pods-Particles.debug.xcconfig"; sourceTree = "<group>"; };
/* End PBXFileReference section */

/* Begin PBXFrameworksBuildPhase section */
		3E51058C1C310A4100CEC622 /* Frameworks */ = {
			isa = PBXFrameworksBuildPhase;
			buildActionMask = 2147483647;
			files = (
				EB01F7C340708FC1F948615C /* Pods_Particles.framework in Frameworks */,
			);
			runOnlyForDeploymentPostprocessing = 0;
		};
/* End PBXFrameworksBuildPhase section */

/* Begin PBXGroup section */
		3E5105861C310A4100CEC622 = {
			isa = PBXGroup;
			children = (
				3E5105911C310A4100CEC622 /* Particles */,
				EA127F371C41FFD000289567 /* Frameworks */,
				3E5105901C310A4100CEC622 /* Products */,
				D9187E49A9A396286C312090 /* Pods */,
			);
			sourceTree = "<group>";
		};
		3E5105901C310A4100CEC622 /* Products */ = {
			isa = PBXGroup;
			children = (
				3E51058F1C310A4100CEC622 /* Particles.app */,
			);
			name = Products;
			sourceTree = "<group>";
		};
		3E5105911C310A4100CEC622 /* Particles */ = {
			isa = PBXGroup;
			children = (
				3E5105B41C310BDA00CEC622 /* particleLab */,
				3E5105921C310A4100CEC622 /* AppDelegate.swift */,
				3E5105941C310A4100CEC622 /* ViewController.swift */,
				C4D88CF91C6AD6C9005BB6CE /* Loop.swift */,
				3E5105961C310A4100CEC622 /* Main.storyboard */,
				3E5105991C310A4100CEC622 /* Assets.xcassets */,
				3E51059B1C310A4100CEC622 /* LaunchScreen.storyboard */,
				3E51059E1C310A4100CEC622 /* Info.plist */,
			);
			path = Particles;
			sourceTree = "<group>";
		};
		3E5105B41C310BDA00CEC622 /* particleLab */ = {
			isa = PBXGroup;
			children = (
				3E5105B51C310BFC00CEC622 /* Particles.metal */,
				3E5105B71C310C4200CEC622 /* ParticleLab.swift */,
			);
			name = particleLab;
			sourceTree = "<group>";
		};
		D9187E49A9A396286C312090 /* Pods */ = {
			isa = PBXGroup;
			children = (
				EF829C0E631E7C2906DD36D2 /* Pods-Particles.debug.xcconfig */,
				1BB3FFE065A7B4BEAADFEBAB /* Pods-Particles.release.xcconfig */,
			);
			name = Pods;
			sourceTree = "<group>";
		};
		EA127F371C41FFD000289567 /* Frameworks */ = {
			isa = PBXGroup;
			children = (
				0FB844010A0240A1787102AB /* Pods_Particles.framework */,
			);
			name = Frameworks;
			path = AudioKitParticles;
			sourceTree = "<group>";
		};
/* End PBXGroup section */

/* Begin PBXNativeTarget section */
		3E51058E1C310A4100CEC622 /* Particles */ = {
			isa = PBXNativeTarget;
			buildConfigurationList = 3E5105A11C310A4100CEC622 /* Build configuration list for PBXNativeTarget "Particles" */;
			buildPhases = (
				2997F1F00E787BD67B071FB7 /* [CP] Check Pods Manifest.lock */,
				3E51058B1C310A4100CEC622 /* Sources */,
				3E51058C1C310A4100CEC622 /* Frameworks */,
				3E51058D1C310A4100CEC622 /* Resources */,
				EA127F3A1C4200E000289567 /* Embed Frameworks */,
			);
			buildRules = (
			);
			dependencies = (
			);
			name = Particles;
			productName = AudioKitParticles;
			productReference = 3E51058F1C310A4100CEC622 /* Particles.app */;
			productType = "com.apple.product-type.application";
		};
/* End PBXNativeTarget section */

/* Begin PBXProject section */
		3E5105871C310A4100CEC622 /* Project object */ = {
			isa = PBXProject;
			attributes = {
				LastSwiftUpdateCheck = 0720;
				LastUpgradeCheck = 0940;
				ORGANIZATIONNAME = "Simon Gladman";
				TargetAttributes = {
					3E51058E1C310A4100CEC622 = {
						CreatedOnToolsVersion = 7.2;
						DevelopmentTeam = W22K9JG3J6;
						LastSwiftMigration = 0940;
						ProvisioningStyle = Automatic;
					};
				};
			};
			buildConfigurationList = 3E51058A1C310A4100CEC622 /* Build configuration list for PBXProject "Particles" */;
			compatibilityVersion = "Xcode 3.2";
			developmentRegion = English;
			hasScannedForEncodings = 0;
			knownRegions = (
				en,
				Base,
			);
			mainGroup = 3E5105861C310A4100CEC622;
			productRefGroup = 3E5105901C310A4100CEC622 /* Products */;
			projectDirPath = "";
			projectRoot = "";
			targets = (
				3E51058E1C310A4100CEC622 /* Particles */,
			);
		};
/* End PBXProject section */

/* Begin PBXResourcesBuildPhase section */
		3E51058D1C310A4100CEC622 /* Resources */ = {
			isa = PBXResourcesBuildPhase;
			buildActionMask = 2147483647;
			files = (
				3E51059D1C310A4100CEC622 /* LaunchScreen.storyboard in Resources */,
				3E51059A1C310A4100CEC622 /* Assets.xcassets in Resources */,
				3E5105981C310A4100CEC622 /* Main.storyboard in Resources */,
			);
			runOnlyForDeploymentPostprocessing = 0;
		};
/* End PBXResourcesBuildPhase section */

/* Begin PBXShellScriptBuildPhase section */
		2997F1F00E787BD67B071FB7 /* [CP] Check Pods Manifest.lock */ = {
			isa = PBXShellScriptBuildPhase;
			buildActionMask = 2147483647;
			files = (
			);
			inputPaths = (
				"${PODS_PODFILE_DIR_PATH}/Podfile.lock",
				"${PODS_ROOT}/Manifest.lock",
			);
			name = "[CP] Check Pods Manifest.lock";
			outputPaths = (
				"$(DERIVED_FILE_DIR)/Pods-Particles-checkManifestLockResult.txt",
			);
			runOnlyForDeploymentPostprocessing = 0;
			shellPath = /bin/sh;
			shellScript = "diff \"${PODS_PODFILE_DIR_PATH}/Podfile.lock\" \"${PODS_ROOT}/Manifest.lock\" > /dev/null\nif [ $? != 0 ] ; then\n    # print error to STDERR\n    echo \"error: The sandbox is not in sync with the Podfile.lock. Run 'pod install' or update your CocoaPods installation.\" >&2\n    exit 1\nfi\n# This output is used by Xcode 'outputs' to avoid re-running this script phase.\necho \"SUCCESS\" > \"${SCRIPT_OUTPUT_FILE_0}\"\n";
			showEnvVarsInLog = 0;
		};
/* End PBXShellScriptBuildPhase section */

/* Begin PBXSourcesBuildPhase section */
		3E51058B1C310A4100CEC622 /* Sources */ = {
			isa = PBXSourcesBuildPhase;
			buildActionMask = 2147483647;
			files = (
				C4D88CFA1C6AD6C9005BB6CE /* Loop.swift in Sources */,
				3E5105951C310A4100CEC622 /* ViewController.swift in Sources */,
				3E5105931C310A4100CEC622 /* AppDelegate.swift in Sources */,
				3E5105B61C310BFC00CEC622 /* Particles.metal in Sources */,
				3E5105B81C310C4200CEC622 /* ParticleLab.swift in Sources */,
			);
			runOnlyForDeploymentPostprocessing = 0;
		};
/* End PBXSourcesBuildPhase section */

/* Begin PBXVariantGroup section */
		3E5105961C310A4100CEC622 /* Main.storyboard */ = {
			isa = PBXVariantGroup;
			children = (
				3E5105971C310A4100CEC622 /* Base */,
			);
			name = Main.storyboard;
			sourceTree = "<group>";
		};
		3E51059B1C310A4100CEC622 /* LaunchScreen.storyboard */ = {
			isa = PBXVariantGroup;
			children = (
				3E51059C1C310A4100CEC622 /* Base */,
			);
			name = LaunchScreen.storyboard;
			sourceTree = "<group>";
		};
/* End PBXVariantGroup section */

/* Begin XCBuildConfiguration section */
		3E51059F1C310A4100CEC622 /* Debug */ = {
			isa = XCBuildConfiguration;
			buildSettings = {
				ALWAYS_SEARCH_USER_PATHS = NO;
				CLANG_CXX_LANGUAGE_STANDARD = "gnu++0x";
				CLANG_CXX_LIBRARY = "libc++";
				CLANG_ENABLE_MODULES = YES;
				CLANG_ENABLE_OBJC_ARC = YES;
				CLANG_WARN_BLOCK_CAPTURE_AUTORELEASING = YES;
				CLANG_WARN_BOOL_CONVERSION = YES;
				CLANG_WARN_COMMA = YES;
				CLANG_WARN_CONSTANT_CONVERSION = YES;
				CLANG_WARN_DEPRECATED_OBJC_IMPLEMENTATIONS = YES;
				CLANG_WARN_DIRECT_OBJC_ISA_USAGE = YES_ERROR;
				CLANG_WARN_EMPTY_BODY = YES;
				CLANG_WARN_ENUM_CONVERSION = YES;
				CLANG_WARN_INFINITE_RECURSION = YES;
				CLANG_WARN_INT_CONVERSION = YES;
				CLANG_WARN_NON_LITERAL_NULL_CONVERSION = YES;
				CLANG_WARN_OBJC_IMPLICIT_RETAIN_SELF = YES;
				CLANG_WARN_OBJC_LITERAL_CONVERSION = YES;
				CLANG_WARN_OBJC_ROOT_CLASS = YES_ERROR;
				CLANG_WARN_RANGE_LOOP_ANALYSIS = YES;
				CLANG_WARN_STRICT_PROTOTYPES = YES;
				CLANG_WARN_SUSPICIOUS_MOVE = YES;
				CLANG_WARN_UNREACHABLE_CODE = YES;
				CLANG_WARN__DUPLICATE_METHOD_MATCH = YES;
				"CODE_SIGN_IDENTITY[sdk=iphoneos*]" = "iPhone Developer";
				COPY_PHASE_STRIP = NO;
				DEBUG_INFORMATION_FORMAT = dwarf;
				ENABLE_STRICT_OBJC_MSGSEND = YES;
				ENABLE_TESTABILITY = YES;
				GCC_C_LANGUAGE_STANDARD = gnu99;
				GCC_DYNAMIC_NO_PIC = NO;
				GCC_NO_COMMON_BLOCKS = YES;
				GCC_OPTIMIZATION_LEVEL = 0;
				GCC_PREPROCESSOR_DEFINITIONS = (
					"DEBUG=1",
					"$(inherited)",
				);
				GCC_WARN_64_TO_32_BIT_CONVERSION = YES;
				GCC_WARN_ABOUT_RETURN_TYPE = YES_ERROR;
				GCC_WARN_UNDECLARED_SELECTOR = YES;
				GCC_WARN_UNINITIALIZED_AUTOS = YES_AGGRESSIVE;
				GCC_WARN_UNUSED_FUNCTION = YES;
				GCC_WARN_UNUSED_VARIABLE = YES;
				IPHONEOS_DEPLOYMENT_TARGET = 9.2;
				MTL_ENABLE_DEBUG_INFO = YES;
				ONLY_ACTIVE_ARCH = YES;
				SDKROOT = iphoneos;
				SWIFT_OPTIMIZATION_LEVEL = "-Onone";
				TARGETED_DEVICE_FAMILY = 2;
				VALID_ARCHS = "$(ARCHS_STANDARD)";
			};
			name = Debug;
		};
		3E5105A01C310A4100CEC622 /* Release */ = {
			isa = XCBuildConfiguration;
			buildSettings = {
				ALWAYS_SEARCH_USER_PATHS = NO;
				CLANG_CXX_LANGUAGE_STANDARD = "gnu++0x";
				CLANG_CXX_LIBRARY = "libc++";
				CLANG_ENABLE_MODULES = YES;
				CLANG_ENABLE_OBJC_ARC = YES;
				CLANG_WARN_BLOCK_CAPTURE_AUTORELEASING = YES;
				CLANG_WARN_BOOL_CONVERSION = YES;
				CLANG_WARN_COMMA = YES;
				CLANG_WARN_CONSTANT_CONVERSION = YES;
				CLANG_WARN_DEPRECATED_OBJC_IMPLEMENTATIONS = YES;
				CLANG_WARN_DIRECT_OBJC_ISA_USAGE = YES_ERROR;
				CLANG_WARN_EMPTY_BODY = YES;
				CLANG_WARN_ENUM_CONVERSION = YES;
				CLANG_WARN_INFINITE_RECURSION = YES;
				CLANG_WARN_INT_CONVERSION = YES;
				CLANG_WARN_NON_LITERAL_NULL_CONVERSION = YES;
				CLANG_WARN_OBJC_IMPLICIT_RETAIN_SELF = YES;
				CLANG_WARN_OBJC_LITERAL_CONVERSION = YES;
				CLANG_WARN_OBJC_ROOT_CLASS = YES_ERROR;
				CLANG_WARN_RANGE_LOOP_ANALYSIS = YES;
				CLANG_WARN_STRICT_PROTOTYPES = YES;
				CLANG_WARN_SUSPICIOUS_MOVE = YES;
				CLANG_WARN_UNREACHABLE_CODE = YES;
				CLANG_WARN__DUPLICATE_METHOD_MATCH = YES;
				"CODE_SIGN_IDENTITY[sdk=iphoneos*]" = "iPhone Developer";
				COPY_PHASE_STRIP = NO;
				DEBUG_INFORMATION_FORMAT = "dwarf-with-dsym";
				ENABLE_NS_ASSERTIONS = NO;
				ENABLE_STRICT_OBJC_MSGSEND = YES;
				GCC_C_LANGUAGE_STANDARD = gnu99;
				GCC_NO_COMMON_BLOCKS = YES;
				GCC_WARN_64_TO_32_BIT_CONVERSION = YES;
				GCC_WARN_ABOUT_RETURN_TYPE = YES_ERROR;
				GCC_WARN_UNDECLARED_SELECTOR = YES;
				GCC_WARN_UNINITIALIZED_AUTOS = YES_AGGRESSIVE;
				GCC_WARN_UNUSED_FUNCTION = YES;
				GCC_WARN_UNUSED_VARIABLE = YES;
				IPHONEOS_DEPLOYMENT_TARGET = 9.2;
				MTL_ENABLE_DEBUG_INFO = NO;
				SDKROOT = iphoneos;
				SWIFT_OPTIMIZATION_LEVEL = "-Owholemodule";
				TARGETED_DEVICE_FAMILY = 2;
				VALIDATE_PRODUCT = YES;
				VALID_ARCHS = "$(ARCHS_STANDARD)";
			};
			name = Release;
		};
		3E5105A21C310A4100CEC622 /* Debug */ = {
			isa = XCBuildConfiguration;
			baseConfigurationReference = EF829C0E631E7C2906DD36D2 /* Pods-Particles.debug.xcconfig */;
			buildSettings = {
				ASSETCATALOG_COMPILER_APPICON_NAME = AppIcon;
				"CODE_SIGN_IDENTITY[sdk=iphoneos*]" = "iPhone Developer";
				DEVELOPMENT_TEAM = W22K9JG3J6;
				FRAMEWORK_SEARCH_PATHS = "$(inherited)";
				INFOPLIST_FILE = Particles/Info.plist;
				IPHONEOS_DEPLOYMENT_TARGET = 10.0;
				LD_RUNPATH_SEARCH_PATHS = "$(inherited) @executable_path/Frameworks";
				OTHER_LDFLAGS = "$(inherited)";
				PRODUCT_BUNDLE_IDENTIFIER = io.audiokit.Particles;
				PRODUCT_NAME = "$(TARGET_NAME)";
				PROVISIONING_PROFILE_SPECIFIER = "";
				SWIFT_VERSION = 4.0;
				TARGETED_DEVICE_FAMILY = "1,2";
			};
			name = Debug;
		};
		3E5105A31C310A4100CEC622 /* Release */ = {
			isa = XCBuildConfiguration;
			baseConfigurationReference = 1BB3FFE065A7B4BEAADFEBAB /* Pods-Particles.release.xcconfig */;
			buildSettings = {
				ASSETCATALOG_COMPILER_APPICON_NAME = AppIcon;
				"CODE_SIGN_IDENTITY[sdk=iphoneos*]" = "iPhone Developer";
				DEVELOPMENT_TEAM = W22K9JG3J6;
				FRAMEWORK_SEARCH_PATHS = "$(inherited)";
				INFOPLIST_FILE = Particles/Info.plist;
				IPHONEOS_DEPLOYMENT_TARGET = 10.0;
				LD_RUNPATH_SEARCH_PATHS = "$(inherited) @executable_path/Frameworks";
				OTHER_LDFLAGS = "$(inherited)";
				PRODUCT_BUNDLE_IDENTIFIER = io.audiokit.Particles;
				PRODUCT_NAME = "$(TARGET_NAME)";
				PROVISIONING_PROFILE_SPECIFIER = "";
				SWIFT_VERSION = 4.0;
				TARGETED_DEVICE_FAMILY = "1,2";
			};
			name = Release;
		};
/* End XCBuildConfiguration section */

/* Begin XCConfigurationList section */
		3E51058A1C310A4100CEC622 /* Build configuration list for PBXProject "Particles" */ = {
			isa = XCConfigurationList;
			buildConfigurations = (
				3E51059F1C310A4100CEC622 /* Debug */,
				3E5105A01C310A4100CEC622 /* Release */,
			);
			defaultConfigurationIsVisible = 0;
			defaultConfigurationName = Release;
		};
		3E5105A11C310A4100CEC622 /* Build configuration list for PBXNativeTarget "Particles" */ = {
			isa = XCConfigurationList;
			buildConfigurations = (
				3E5105A21C310A4100CEC622 /* Debug */,
				3E5105A31C310A4100CEC622 /* Release */,
			);
			defaultConfigurationIsVisible = 0;
			defaultConfigurationName = Release;
		};
/* End XCConfigurationList section */
	};
	rootObject = 3E5105871C310A4100CEC622 /* Project object */;
}
